
Microsoft Visual Studio Solution File, Format Version 12.00
# Visual Studio Version 17
VisualStudioVersion = 17.11.35208.52
MinimumVisualStudioVersion = 10.0.40219.1
Project("{FAE04EC0-301F-11D3-BF4B-00C04F79EFBC}") = "HtmlToImage.NET", "HtmlToImage.NET\HtmlToImage.NET.csproj", "{C5A7989B-9109-46C8-8E5F-69A829CD6840}"
EndProject
Global
	GlobalSection(SolutionConfigurationPlatforms) = preSolution
		Debug|Any CPU = Debug|Any CPU
		Release|Any CPU = Release|Any CPU
	EndGlobalSection
	GlobalSection(ProjectConfigurationPlatforms) = postSolution
		{C5A7989B-9109-46C8-8E5F-69A829CD6840}.Debug|Any CPU.ActiveCfg = Debug|Any CPU
		{C5A7989B-9109-46C8-8E5F-69A829CD6840}.Debug|Any CPU.Build.0 = Debug|Any CPU
		{C5A7989B-9109-46C8-8E5F-69A829CD6840}.Release|Any CPU.ActiveCfg = Release|Any CPU
		{C5A7989B-9109-46C8-8E5F-69A829CD6840}.Release|Any CPU.Build.0 = Release|Any CPU
	EndGlobalSection
	GlobalSection(SolutionProperties) = preSolution
		HideSolutionNode = FALSE
	EndGlobalSection
	GlobalSection(ExtensibilityGlobals) = postSolution
		SolutionGuid = {E0C3D7C8-3041-46B9-B5F6-C4C447FE377A}
	EndGlobalSection
EndGlobal
